
Microsoft Visual Studio Solution File, Format Version 12.00
# Visual Studio Version 17
VisualStudioVersion = 17.12.35506.116 d17.12
MinimumVisualStudioVersion = 10.0.40219.1
Project("{FAE04EC0-301F-11D3-BF4B-00C04F79EFBC}") = "MiniRPG", "MiniRPG\MiniRPG.csproj", "{7EBA229A-A2FE-4878-88F5-A293EDE1273B}"
EndProject
Project("{2150E333-8FDC-42A3-9474-1A3956D46DE8}") = "Tests", "Tests", "{66B204A9-726F-455B-8F9F-CE791B50F60A}"
EndProject
Project("{FAE04EC0-301F-11D3-BF4B-00C04F79EFBC}") = "UnitTests", "UnitTests\UnitTests.csproj", "{73366818-DE02-4201-A4ED-628DF087DBA9}"
EndProject
Global
	GlobalSection(SolutionConfigurationPlatforms) = preSolution
		Debug|Any CPU = Debug|Any CPU
		Release|Any CPU = Release|Any CPU
	EndGlobalSection
	GlobalSection(ProjectConfigurationPlatforms) = postSolution
		{7EBA229A-A2FE-4878-88F5-A293EDE1273B}.Debug|Any CPU.ActiveCfg = Debug|Any CPU
		{7EBA229A-A2FE-4878-88F5-A293EDE1273B}.Debug|Any CPU.Build.0 = Debug|Any CPU
		{7EBA229A-A2FE-4878-88F5-A293EDE1273B}.Release|Any CPU.ActiveCfg = Release|Any CPU
		{7EBA229A-A2FE-4878-88F5-A293EDE1273B}.Release|Any CPU.Build.0 = Release|Any CPU
		{73366818-DE02-4201-A4ED-628DF087DBA9}.Debug|Any CPU.ActiveCfg = Debug|Any CPU
		{73366818-DE02-4201-A4ED-628DF087DBA9}.Debug|Any CPU.Build.0 = Debug|Any CPU
		{73366818-DE02-4201-A4ED-628DF087DBA9}.Release|Any CPU.ActiveCfg = Release|Any CPU
		{73366818-DE02-4201-A4ED-628DF087DBA9}.Release|Any CPU.Build.0 = Release|Any CPU
	EndGlobalSection
	GlobalSection(SolutionProperties) = preSolution
		HideSolutionNode = FALSE
	EndGlobalSection
	GlobalSection(NestedProjects) = preSolution
		{73366818-DE02-4201-A4ED-628DF087DBA9} = {66B204A9-726F-455B-8F9F-CE791B50F60A}
	EndGlobalSection
EndGlobal
